
Microsoft Visual Studio Solution File, Format Version 12.00
# Visual Studio Version 16
VisualStudioVersion = 16.0.32630.194
MinimumVisualStudioVersion = 10.0.40219.1
Project("{FAE04EC0-301F-11D3-BF4B-00C04F79EFBC}") = "WindowsExplorerExtensionDuplicateFile", "WindowsExplorerExtensionDuplicateFile\WindowsExplorerExtensionDuplicateFile.csproj", "{647B5F2D-2FB4-4591-8EF6-E45415E8A616}"
EndProject
Global
	GlobalSection(SolutionConfigurationPlatforms) = preSolution
		Debug|Any CPU = Debug|Any CPU
		Release|Any CPU = Release|Any CPU
	EndGlobalSection
	GlobalSection(ProjectConfigurationPlatforms) = postSolution
		{647B5F2D-2FB4-4591-8EF6-E45415E8A616}.Debug|Any CPU.ActiveCfg = Debug|Any CPU
		{647B5F2D-2FB4-4591-8EF6-E45415E8A616}.Debug|Any CPU.Build.0 = Debug|Any CPU
		{647B5F2D-2FB4-4591-8EF6-E45415E8A616}.Release|Any CPU.ActiveCfg = Release|Any CPU
		{647B5F2D-2FB4-4591-8EF6-E45415E8A616}.Release|Any CPU.Build.0 = Release|Any CPU
	EndGlobalSection
	GlobalSection(SolutionProperties) = preSolution
		HideSolutionNode = FALSE
	EndGlobalSection
	GlobalSection(ExtensibilityGlobals) = postSolution
		SolutionGuid = {27C13BA4-7FBE-4596-84D0-CF1B6FB1D9DE}
	EndGlobalSection
EndGlobal
